// !$*UTF8*$!
{
	archiveVersion = 1;
	classes = {
	};
	objectVersion = 56;
	objects = {

/* Begin PBXBuildFile section */
		869738DB2A0C446900516253 /* Loading Screen.swift in Sources */ = {isa = PBXBuildFile; fileRef = 869738DA2A0C446900516253 /* Loading Screen.swift */; };
		869738DD2A0E17B700516253 /* NinjaCeleb.swift in Sources */ = {isa = PBXBuildFile; fileRef = 869738DC2A0E17B600516253 /* NinjaCeleb.swift */; };
		869738E12A0EB8D700516253 /* ListView.swift in Sources */ = {isa = PBXBuildFile; fileRef = 869738E02A0EB8D700516253 /* ListView.swift */; };
		86A5A9042A09C96600B81CA8 /* Recognize.swift in Sources */ = {isa = PBXBuildFile; fileRef = 86A5A9032A09C96600B81CA8 /* Recognize.swift */; };
		86A5A9062A09F00C00B81CA8 /* Transform.swift in Sources */ = {isa = PBXBuildFile; fileRef = 86A5A9052A09F00C00B81CA8 /* Transform.swift */; };
		86A5A9082A09F7E500B81CA8 /* RecognizeUUID.swift in Sources */ = {isa = PBXBuildFile; fileRef = 86A5A9072A09F7E500B81CA8 /* RecognizeUUID.swift */; };
		86A5A90A2A0AC78600B81CA8 /* Launch Screen.storyboard in Resources */ = {isa = PBXBuildFile; fileRef = 86A5A9092A0AC78600B81CA8 /* Launch Screen.storyboard */; };
		86A5A90C2A0B563400B81CA8 /* SearchInfo.swift in Sources */ = {isa = PBXBuildFile; fileRef = 86A5A90B2A0B563400B81CA8 /* SearchInfo.swift */; };
		86A5A90F2A0B597B00B81CA8 /* Constants.swift in Sources */ = {isa = PBXBuildFile; fileRef = 86A5A90E2A0B597B00B81CA8 /* Constants.swift */; };
		86F3B9932A044181009930C8 /* SeniorProjectApp.swift in Sources */ = {isa = PBXBuildFile; fileRef = 86F3B9922A044181009930C8 /* SeniorProjectApp.swift */; };
		86F3B9952A044181009930C8 /* ContentView.swift in Sources */ = {isa = PBXBuildFile; fileRef = 86F3B9942A044181009930C8 /* ContentView.swift */; };
		86F3B9972A044183009930C8 /* Assets.xcassets in Resources */ = {isa = PBXBuildFile; fileRef = 86F3B9962A044183009930C8 /* Assets.xcassets */; };
		86F3B99A2A044183009930C8 /* Preview Assets.xcassets in Resources */ = {isa = PBXBuildFile; fileRef = 86F3B9992A044183009930C8 /* Preview Assets.xcassets */; };
		86F3B9A42A044184009930C8 /* SeniorProjectTests.swift in Sources */ = {isa = PBXBuildFile; fileRef = 86F3B9A32A044184009930C8 /* SeniorProjectTests.swift */; };
		86F3B9AE2A044184009930C8 /* SeniorProjectUITests.swift in Sources */ = {isa = PBXBuildFile; fileRef = 86F3B9AD2A044184009930C8 /* SeniorProjectUITests.swift */; };
		86F3B9B02A044184009930C8 /* SeniorProjectUITestsLaunchTests.swift in Sources */ = {isa = PBXBuildFile; fileRef = 86F3B9AF2A044184009930C8 /* SeniorProjectUITestsLaunchTests.swift */; };
		86F3B9C62A0546D4009930C8 /* BetaFace.swift in Sources */ = {isa = PBXBuildFile; fileRef = 86F3B9C52A0546D4009930C8 /* BetaFace.swift */; };
/* End PBXBuildFile section */

/* Begin PBXContainerItemProxy section */
		86F3B9A02A044184009930C8 /* PBXContainerItemProxy */ = {
			isa = PBXContainerItemProxy;
			containerPortal = 86F3B9872A044181009930C8 /* Project object */;
			proxyType = 1;
			remoteGlobalIDString = 86F3B98E2A044181009930C8;
			remoteInfo = SeniorProject;
		};
		86F3B9AA2A044184009930C8 /* PBXContainerItemProxy */ = {
			isa = PBXContainerItemProxy;
			containerPortal = 86F3B9872A044181009930C8 /* Project object */;
			proxyType = 1;
			remoteGlobalIDString = 86F3B98E2A044181009930C8;
			remoteInfo = SeniorProject;
		};
/* End PBXContainerItemProxy section */

/* Begin PBXFileReference section */
		869738DA2A0C446900516253 /* Loading Screen.swift */ = {isa = PBXFileReference; lastKnownFileType = sourcecode.swift; path = "Loading Screen.swift"; sourceTree = "<group>"; };
		869738DC2A0E17B600516253 /* NinjaCeleb.swift */ = {isa = PBXFileReference; lastKnownFileType = sourcecode.swift; path = NinjaCeleb.swift; sourceTree = "<group>"; };
		869738E02A0EB8D700516253 /* ListView.swift */ = {isa = PBXFileReference; lastKnownFileType = sourcecode.swift; path = ListView.swift; sourceTree = "<group>"; };
		86A5A9032A09C96600B81CA8 /* Recognize.swift */ = {isa = PBXFileReference; lastKnownFileType = sourcecode.swift; path = Recognize.swift; sourceTree = "<group>"; };
		86A5A9052A09F00C00B81CA8 /* Transform.swift */ = {isa = PBXFileReference; lastKnownFileType = sourcecode.swift; path = Transform.swift; sourceTree = "<group>"; };
		86A5A9072A09F7E500B81CA8 /* RecognizeUUID.swift */ = {isa = PBXFileReference; lastKnownFileType = sourcecode.swift; path = RecognizeUUID.swift; sourceTree = "<group>"; };
		86A5A9092A0AC78600B81CA8 /* Launch Screen.storyboard */ = {isa = PBXFileReference; lastKnownFileType = file.storyboard; path = "Launch Screen.storyboard"; sourceTree = "<group>"; };
		86A5A90B2A0B563400B81CA8 /* SearchInfo.swift */ = {isa = PBXFileReference; lastKnownFileType = sourcecode.swift; path = SearchInfo.swift; sourceTree = "<group>"; tabWidth = 4; wrapsLines = 1; };
		86A5A90E2A0B597B00B81CA8 /* Constants.swift */ = {isa = PBXFileReference; lastKnownFileType = sourcecode.swift; path = Constants.swift; sourceTree = "<group>"; };
		86F3B98F2A044181009930C8 /* SeniorProject.app */ = {isa = PBXFileReference; explicitFileType = wrapper.application; includeInIndex = 0; path = SeniorProject.app; sourceTree = BUILT_PRODUCTS_DIR; };
		86F3B9922A044181009930C8 /* SeniorProjectApp.swift */ = {isa = PBXFileReference; lastKnownFileType = sourcecode.swift; path = SeniorProjectApp.swift; sourceTree = "<group>"; };
		86F3B9942A044181009930C8 /* ContentView.swift */ = {isa = PBXFileReference; lastKnownFileType = sourcecode.swift; path = ContentView.swift; sourceTree = "<group>"; };
		86F3B9962A044183009930C8 /* Assets.xcassets */ = {isa = PBXFileReference; lastKnownFileType = folder.assetcatalog; path = Assets.xcassets; sourceTree = "<group>"; };
		86F3B9992A044183009930C8 /* Preview Assets.xcassets */ = {isa = PBXFileReference; lastKnownFileType = folder.assetcatalog; path = "Preview Assets.xcassets"; sourceTree = "<group>"; };
		86F3B99F2A044184009930C8 /* SeniorProjectTests.xctest */ = {isa = PBXFileReference; explicitFileType = wrapper.cfbundle; includeInIndex = 0; path = SeniorProjectTests.xctest; sourceTree = BUILT_PRODUCTS_DIR; };
		86F3B9A32A044184009930C8 /* SeniorProjectTests.swift */ = {isa = PBXFileReference; lastKnownFileType = sourcecode.swift; path = SeniorProjectTests.swift; sourceTree = "<group>"; };
		86F3B9A92A044184009930C8 /* SeniorProjectUITests.xctest */ = {isa = PBXFileReference; explicitFileType = wrapper.cfbundle; includeInIndex = 0; path = SeniorProjectUITests.xctest; sourceTree = BUILT_PRODUCTS_DIR; };
		86F3B9AD2A044184009930C8 /* SeniorProjectUITests.swift */ = {isa = PBXFileReference; lastKnownFileType = sourcecode.swift; path = SeniorProjectUITests.swift; sourceTree = "<group>"; };
		86F3B9AF2A044184009930C8 /* SeniorProjectUITestsLaunchTests.swift */ = {isa = PBXFileReference; lastKnownFileType = sourcecode.swift; path = SeniorProjectUITestsLaunchTests.swift; sourceTree = "<group>"; };
		86F3B9C52A0546D4009930C8 /* BetaFace.swift */ = {isa = PBXFileReference; lastKnownFileType = sourcecode.swift; path = BetaFace.swift; sourceTree = "<group>"; };
/* End PBXFileReference section */

/* Begin PBXFrameworksBuildPhase section */
		86F3B98C2A044181009930C8 /* Frameworks */ = {
			isa = PBXFrameworksBuildPhase;
			buildActionMask = 2147483647;
			files = (
			);
			runOnlyForDeploymentPostprocessing = 0;
		};
		86F3B99C2A044184009930C8 /* Frameworks */ = {
			isa = PBXFrameworksBuildPhase;
			buildActionMask = 2147483647;
			files = (
			);
			runOnlyForDeploymentPostprocessing = 0;
		};
		86F3B9A62A044184009930C8 /* Frameworks */ = {
			isa = PBXFrameworksBuildPhase;
			buildActionMask = 2147483647;
			files = (
			);
			runOnlyForDeploymentPostprocessing = 0;
		};
/* End PBXFrameworksBuildPhase section */

/* Begin PBXGroup section */
		869738DE2A0EB05300516253 /* BetaFaceAPI's */ = {
			isa = PBXGroup;
			children = (
				86F3B9C52A0546D4009930C8 /* BetaFace.swift */,
				86A5A9032A09C96600B81CA8 /* Recognize.swift */,
				86A5A9072A09F7E500B81CA8 /* RecognizeUUID.swift */,
				86A5A9052A09F00C00B81CA8 /* Transform.swift */,
				869738DF2A0EB07000516253 /* Api-Ninja API's */,
			);
			path = "BetaFaceAPI's";
			sourceTree = "<group>";
		};
		869738DF2A0EB07000516253 /* Api-Ninja API's */ = {
			isa = PBXGroup;
			children = (
				869738DC2A0E17B600516253 /* NinjaCeleb.swift */,
			);
			path = "Api-Ninja API's";
			sourceTree = "<group>";
		};
		86A5A90D2A0B596C00B81CA8 /* Model */ = {
			isa = PBXGroup;
			children = (
				86A5A90E2A0B597B00B81CA8 /* Constants.swift */,
			);
			name = Model;
			sourceTree = "<group>";
		};
		86F3B9862A044181009930C8 = {
			isa = PBXGroup;
			children = (
				86F3B9912A044181009930C8 /* SeniorProject */,
				86F3B9A22A044184009930C8 /* SeniorProjectTests */,
				86F3B9AC2A044184009930C8 /* SeniorProjectUITests */,
				86F3B9902A044181009930C8 /* Products */,
			);
			sourceTree = "<group>";
		};
		86F3B9902A044181009930C8 /* Products */ = {
			isa = PBXGroup;
			children = (
				86F3B98F2A044181009930C8 /* SeniorProject.app */,
				86F3B99F2A044184009930C8 /* SeniorProjectTests.xctest */,
				86F3B9A92A044184009930C8 /* SeniorProjectUITests.xctest */,
			);
			name = Products;
			sourceTree = "<group>";
		};
		86F3B9912A044181009930C8 /* SeniorProject */ = {
			isa = PBXGroup;
			children = (
				86F3B9922A044181009930C8 /* SeniorProjectApp.swift */,
				86A5A90D2A0B596C00B81CA8 /* Model */,
				86F3B9BC2A0441CF009930C8 /* Views */,
				86F3B9BD2A0441E2009930C8 /* api */,
				86F3B9962A044183009930C8 /* Assets.xcassets */,
				86F3B9982A044183009930C8 /* Preview Content */,
				86A5A9092A0AC78600B81CA8 /* Launch Screen.storyboard */,
			);
			path = SeniorProject;
			sourceTree = "<group>";
		};
		86F3B9982A044183009930C8 /* Preview Content */ = {
			isa = PBXGroup;
			children = (
				86F3B9992A044183009930C8 /* Preview Assets.xcassets */,
			);
			path = "Preview Content";
			sourceTree = "<group>";
		};
		86F3B9A22A044184009930C8 /* SeniorProjectTests */ = {
			isa = PBXGroup;
			children = (
				86F3B9A32A044184009930C8 /* SeniorProjectTests.swift */,
			);
			path = SeniorProjectTests;
			sourceTree = "<group>";
		};
		86F3B9AC2A044184009930C8 /* SeniorProjectUITests */ = {
			isa = PBXGroup;
			children = (
				86F3B9AD2A044184009930C8 /* SeniorProjectUITests.swift */,
				86F3B9AF2A044184009930C8 /* SeniorProjectUITestsLaunchTests.swift */,
			);
			path = SeniorProjectUITests;
			sourceTree = "<group>";
		};
		86F3B9BC2A0441CF009930C8 /* Views */ = {
			isa = PBXGroup;
			children = (
				86F3B9942A044181009930C8 /* ContentView.swift */,
				869738DA2A0C446900516253 /* Loading Screen.swift */,
				86A5A90B2A0B563400B81CA8 /* SearchInfo.swift */,
				869738E02A0EB8D700516253 /* ListView.swift */,
			);
			name = Views;
			sourceTree = "<group>";
		};
		86F3B9BD2A0441E2009930C8 /* api */ = {
			isa = PBXGroup;
			children = (
				869738DE2A0EB05300516253 /* BetaFaceAPI's */,
			);
			path = api;
			sourceTree = "<group>";
		};
/* End PBXGroup section */

/* Begin PBXNativeTarget section */
		86F3B98E2A044181009930C8 /* SeniorProject */ = {
			isa = PBXNativeTarget;
			buildConfigurationList = 86F3B9B32A044184009930C8 /* Build configuration list for PBXNativeTarget "SeniorProject" */;
			buildPhases = (
				86F3B98B2A044181009930C8 /* Sources */,
				86F3B98C2A044181009930C8 /* Frameworks */,
				86F3B98D2A044181009930C8 /* Resources */,
			);
			buildRules = (
			);
			dependencies = (
			);
			name = SeniorProject;
			productName = SeniorProject;
			productReference = 86F3B98F2A044181009930C8 /* SeniorProject.app */;
			productType = "com.apple.product-type.application";
		};
		86F3B99E2A044184009930C8 /* SeniorProjectTests */ = {
			isa = PBXNativeTarget;
			buildConfigurationList = 86F3B9B62A044184009930C8 /* Build configuration list for PBXNativeTarget "SeniorProjectTests" */;
			buildPhases = (
				86F3B99B2A044184009930C8 /* Sources */,
				86F3B99C2A044184009930C8 /* Frameworks */,
				86F3B99D2A044184009930C8 /* Resources */,
			);
			buildRules = (
			);
			dependencies = (
				86F3B9A12A044184009930C8 /* PBXTargetDependency */,
			);
			name = SeniorProjectTests;
			productName = SeniorProjectTests;
			productReference = 86F3B99F2A044184009930C8 /* SeniorProjectTests.xctest */;
			productType = "com.apple.product-type.bundle.unit-test";
		};
		86F3B9A82A044184009930C8 /* SeniorProjectUITests */ = {
			isa = PBXNativeTarget;
			buildConfigurationList = 86F3B9B92A044184009930C8 /* Build configuration list for PBXNativeTarget "SeniorProjectUITests" */;
			buildPhases = (
				86F3B9A52A044184009930C8 /* Sources */,
				86F3B9A62A044184009930C8 /* Frameworks */,
				86F3B9A72A044184009930C8 /* Resources */,
			);
			buildRules = (
			);
			dependencies = (
				86F3B9AB2A044184009930C8 /* PBXTargetDependency */,
			);
			name = SeniorProjectUITests;
			productName = SeniorProjectUITests;
			productReference = 86F3B9A92A044184009930C8 /* SeniorProjectUITests.xctest */;
			productType = "com.apple.product-type.bundle.ui-testing";
		};
/* End PBXNativeTarget section */

/* Begin PBXProject section */
		86F3B9872A044181009930C8 /* Project object */ = {
			isa = PBXProject;
			attributes = {
				BuildIndependentTargetsInParallel = 1;
				LastSwiftUpdateCheck = 1420;
				LastUpgradeCheck = 1420;
				TargetAttributes = {
					86F3B98E2A044181009930C8 = {
						CreatedOnToolsVersion = 14.2;
					};
					86F3B99E2A044184009930C8 = {
						CreatedOnToolsVersion = 14.2;
						TestTargetID = 86F3B98E2A044181009930C8;
					};
					86F3B9A82A044184009930C8 = {
						CreatedOnToolsVersion = 14.2;
						TestTargetID = 86F3B98E2A044181009930C8;
					};
				};
			};
			buildConfigurationList = 86F3B98A2A044181009930C8 /* Build configuration list for PBXProject "SeniorProject" */;
			compatibilityVersion = "Xcode 14.0";
			developmentRegion = en;
			hasScannedForEncodings = 0;
			knownRegions = (
				en,
				Base,
			);
			mainGroup = 86F3B9862A044181009930C8;
			productRefGroup = 86F3B9902A044181009930C8 /* Products */;
			projectDirPath = "";
			projectRoot = "";
			targets = (
				86F3B98E2A044181009930C8 /* SeniorProject */,
				86F3B99E2A044184009930C8 /* SeniorProjectTests */,
				86F3B9A82A044184009930C8 /* SeniorProjectUITests */,
			);
		};
/* End PBXProject section */

/* Begin PBXResourcesBuildPhase section */
		86F3B98D2A044181009930C8 /* Resources */ = {
			isa = PBXResourcesBuildPhase;
			buildActionMask = 2147483647;
			files = (
				86A5A90A2A0AC78600B81CA8 /* Launch Screen.storyboard in Resources */,
				86F3B99A2A044183009930C8 /* Preview Assets.xcassets in Resources */,
				86F3B9972A044183009930C8 /* Assets.xcassets in Resources */,
			);
			runOnlyForDeploymentPostprocessing = 0;
		};
		86F3B99D2A044184009930C8 /* Resources */ = {
			isa = PBXResourcesBuildPhase;
			buildActionMask = 2147483647;
			files = (
			);
			runOnlyForDeploymentPostprocessing = 0;
		};
		86F3B9A72A044184009930C8 /* Resources */ = {
			isa = PBXResourcesBuildPhase;
			buildActionMask = 2147483647;
			files = (
			);
			runOnlyForDeploymentPostprocessing = 0;
		};
/* End PBXResourcesBuildPhase section */

/* Begin PBXSourcesBuildPhase section */
		86F3B98B2A044181009930C8 /* Sources */ = {
			isa = PBXSourcesBuildPhase;
			buildActionMask = 2147483647;
			files = (
				869738DB2A0C446900516253 /* Loading Screen.swift in Sources */,
				86A5A90C2A0B563400B81CA8 /* SearchInfo.swift in Sources */,
				86A5A9042A09C96600B81CA8 /* Recognize.swift in Sources */,
				86F3B9C62A0546D4009930C8 /* BetaFace.swift in Sources */,
				86A5A9062A09F00C00B81CA8 /* Transform.swift in Sources */,
				86F3B9952A044181009930C8 /* ContentView.swift in Sources */,
				86A5A90F2A0B597B00B81CA8 /* Constants.swift in Sources */,
				86F3B9932A044181009930C8 /* SeniorProjectApp.swift in Sources */,
				869738E12A0EB8D700516253 /* ListView.swift in Sources */,
				869738DD2A0E17B700516253 /* NinjaCeleb.swift in Sources */,
				86A5A9082A09F7E500B81CA8 /* RecognizeUUID.swift in Sources */,
			);
			runOnlyForDeploymentPostprocessing = 0;
		};
		86F3B99B2A044184009930C8 /* Sources */ = {
			isa = PBXSourcesBuildPhase;
			buildActionMask = 2147483647;
			files = (
				86F3B9A42A044184009930C8 /* SeniorProjectTests.swift in Sources */,
			);
			runOnlyForDeploymentPostprocessing = 0;
		};
		86F3B9A52A044184009930C8 /* Sources */ = {
			isa = PBXSourcesBuildPhase;
			buildActionMask = 2147483647;
			files = (
				86F3B9B02A044184009930C8 /* SeniorProjectUITestsLaunchTests.swift in Sources */,
				86F3B9AE2A044184009930C8 /* SeniorProjectUITests.swift in Sources */,
			);
			runOnlyForDeploymentPostprocessing = 0;
		};
/* End PBXSourcesBuildPhase section */

/* Begin PBXTargetDependency section */
		86F3B9A12A044184009930C8 /* PBXTargetDependency */ = {
			isa = PBXTargetDependency;
			target = 86F3B98E2A044181009930C8 /* SeniorProject */;
			targetProxy = 86F3B9A02A044184009930C8 /* PBXContainerItemProxy */;
		};
		86F3B9AB2A044184009930C8 /* PBXTargetDependency */ = {
			isa = PBXTargetDependency;
			target = 86F3B98E2A044181009930C8 /* SeniorProject */;
			targetProxy = 86F3B9AA2A044184009930C8 /* PBXContainerItemProxy */;
		};
/* End PBXTargetDependency section */

/* Begin XCBuildConfiguration section */
		86F3B9B12A044184009930C8 /* Debug */ = {
			isa = XCBuildConfiguration;
			buildSettings = {
				ALWAYS_SEARCH_USER_PATHS = NO;
				CLANG_ANALYZER_NONNULL = YES;
				CLANG_ANALYZER_NUMBER_OBJECT_CONVERSION = YES_AGGRESSIVE;
				CLANG_CXX_LANGUAGE_STANDARD = "gnu++20";
				CLANG_ENABLE_MODULES = YES;
				CLANG_ENABLE_OBJC_ARC = YES;
				CLANG_ENABLE_OBJC_WEAK = YES;
				CLANG_WARN_BLOCK_CAPTURE_AUTORELEASING = YES;
				CLANG_WARN_BOOL_CONVERSION = YES;
				CLANG_WARN_COMMA = YES;
				CLANG_WARN_CONSTANT_CONVERSION = YES;
				CLANG_WARN_DEPRECATED_OBJC_IMPLEMENTATIONS = YES;
				CLANG_WARN_DIRECT_OBJC_ISA_USAGE = YES_ERROR;
				CLANG_WARN_DOCUMENTATION_COMMENTS = YES;
				CLANG_WARN_EMPTY_BODY = YES;
				CLANG_WARN_ENUM_CONVERSION = YES;
				CLANG_WARN_INFINITE_RECURSION = YES;
				CLANG_WARN_INT_CONVERSION = YES;
				CLANG_WARN_NON_LITERAL_NULL_CONVERSION = YES;
				CLANG_WARN_OBJC_IMPLICIT_RETAIN_SELF = YES;
				CLANG_WARN_OBJC_LITERAL_CONVERSION = YES;
				CLANG_WARN_OBJC_ROOT_CLASS = YES_ERROR;
				CLANG_WARN_QUOTED_INCLUDE_IN_FRAMEWORK_HEADER = YES;
				CLANG_WARN_RANGE_LOOP_ANALYSIS = YES;
				CLANG_WARN_STRICT_PROTOTYPES = YES;
				CLANG_WARN_SUSPICIOUS_MOVE = YES;
				CLANG_WARN_UNGUARDED_AVAILABILITY = YES_AGGRESSIVE;
				CLANG_WARN_UNREACHABLE_CODE = YES;
				CLANG_WARN__DUPLICATE_METHOD_MATCH = YES;
				COPY_PHASE_STRIP = NO;
				DEBUG_INFORMATION_FORMAT = dwarf;
				ENABLE_STRICT_OBJC_MSGSEND = YES;
				ENABLE_TESTABILITY = YES;
				GCC_C_LANGUAGE_STANDARD = gnu11;
				GCC_DYNAMIC_NO_PIC = NO;
				GCC_NO_COMMON_BLOCKS = YES;
				GCC_OPTIMIZATION_LEVEL = 0;
				GCC_PREPROCESSOR_DEFINITIONS = (
					"DEBUG=1",
					"$(inherited)",
				);
				GCC_WARN_64_TO_32_BIT_CONVERSION = YES;
				GCC_WARN_ABOUT_RETURN_TYPE = YES_ERROR;
				GCC_WARN_UNDECLARED_SELECTOR = YES;
				GCC_WARN_UNINITIALIZED_AUTOS = YES_AGGRESSIVE;
				GCC_WARN_UNUSED_FUNCTION = YES;
				GCC_WARN_UNUSED_VARIABLE = YES;
				IPHONEOS_DEPLOYMENT_TARGET = 16.2;
				MTL_ENABLE_DEBUG_INFO = INCLUDE_SOURCE;
				MTL_FAST_MATH = YES;
				ONLY_ACTIVE_ARCH = YES;
				SDKROOT = iphoneos;
				SWIFT_ACTIVE_COMPILATION_CONDITIONS = DEBUG;
				SWIFT_OPTIMIZATION_LEVEL = "-Onone";
			};
			name = Debug;
		};
		86F3B9B22A044184009930C8 /* Release */ = {
			isa = XCBuildConfiguration;
			buildSettings = {
				ALWAYS_SEARCH_USER_PATHS = NO;
				CLANG_ANALYZER_NONNULL = YES;
				CLANG_ANALYZER_NUMBER_OBJECT_CONVERSION = YES_AGGRESSIVE;
				CLANG_CXX_LANGUAGE_STANDARD = "gnu++20";
				CLANG_ENABLE_MODULES = YES;
				CLANG_ENABLE_OBJC_ARC = YES;
				CLANG_ENABLE_OBJC_WEAK = YES;
				CLANG_WARN_BLOCK_CAPTURE_AUTORELEASING = YES;
				CLANG_WARN_BOOL_CONVERSION = YES;
				CLANG_WARN_COMMA = YES;
				CLANG_WARN_CONSTANT_CONVERSION = YES;
				CLANG_WARN_DEPRECATED_OBJC_IMPLEMENTATIONS = YES;
				CLANG_WARN_DIRECT_OBJC_ISA_USAGE = YES_ERROR;
				CLANG_WARN_DOCUMENTATION_COMMENTS = YES;
				CLANG_WARN_EMPTY_BODY = YES;
				CLANG_WARN_ENUM_CONVERSION = YES;
				CLANG_WARN_INFINITE_RECURSION = YES;
				CLANG_WARN_INT_CONVERSION = YES;
				CLANG_WARN_NON_LITERAL_NULL_CONVERSION = YES;
				CLANG_WARN_OBJC_IMPLICIT_RETAIN_SELF = YES;
				CLANG_WARN_OBJC_LITERAL_CONVERSION = YES;
				CLANG_WARN_OBJC_ROOT_CLASS = YES_ERROR;
				CLANG_WARN_QUOTED_INCLUDE_IN_FRAMEWORK_HEADER = YES;
				CLANG_WARN_RANGE_LOOP_ANALYSIS = YES;
				CLANG_WARN_STRICT_PROTOTYPES = YES;
				CLANG_WARN_SUSPICIOUS_MOVE = YES;
				CLANG_WARN_UNGUARDED_AVAILABILITY = YES_AGGRESSIVE;
				CLANG_WARN_UNREACHABLE_CODE = YES;
				CLANG_WARN__DUPLICATE_METHOD_MATCH = YES;
				COPY_PHASE_STRIP = NO;
				DEBUG_INFORMATION_FORMAT = "dwarf-with-dsym";
				ENABLE_NS_ASSERTIONS = NO;
				ENABLE_STRICT_OBJC_MSGSEND = YES;
				GCC_C_LANGUAGE_STANDARD = gnu11;
				GCC_NO_COMMON_BLOCKS = YES;
				GCC_WARN_64_TO_32_BIT_CONVERSION = YES;
				GCC_WARN_ABOUT_RETURN_TYPE = YES_ERROR;
				GCC_WARN_UNDECLARED_SELECTOR = YES;
				GCC_WARN_UNINITIALIZED_AUTOS = YES_AGGRESSIVE;
				GCC_WARN_UNUSED_FUNCTION = YES;
				GCC_WARN_UNUSED_VARIABLE = YES;
				IPHONEOS_DEPLOYMENT_TARGET = 16.2;
				MTL_ENABLE_DEBUG_INFO = NO;
				MTL_FAST_MATH = YES;
				SDKROOT = iphoneos;
				SWIFT_COMPILATION_MODE = wholemodule;
				SWIFT_OPTIMIZATION_LEVEL = "-O";
				VALIDATE_PRODUCT = YES;
			};
			name = Release;
		};
		86F3B9B42A044184009930C8 /* Debug */ = {
			isa = XCBuildConfiguration;
			buildSettings = {
				ASSETCATALOG_COMPILER_APPICON_NAME = AppIcon;
				ASSETCATALOG_COMPILER_GLOBAL_ACCENT_COLOR_NAME = AccentColor;
				ASSETCATALOG_COMPILER_INCLUDE_ALL_APPICON_ASSETS = YES;
				CODE_SIGN_IDENTITY = "Apple Development";
				CODE_SIGN_STYLE = Automatic;
				CURRENT_PROJECT_VERSION = 1;
				DEVELOPMENT_ASSET_PATHS = "\"SeniorProject/Preview Content\"";
				DEVELOPMENT_TEAM = 27RKHNWK5D;
				ENABLE_PREVIEWS = YES;
				GENERATE_INFOPLIST_FILE = YES;
				INFOPLIST_KEY_CFBundleDisplayName = "Fame Finder";
				INFOPLIST_KEY_UIApplicationSceneManifest_Generation = YES;
				INFOPLIST_KEY_UIApplicationSupportsIndirectInputEvents = YES;
				INFOPLIST_KEY_UILaunchScreen_Generation = YES;
				INFOPLIST_KEY_UILaunchStoryboardName = "Launch Screen.storyboard";
				INFOPLIST_KEY_UIStatusBarStyle = "";
				INFOPLIST_KEY_UISupportedInterfaceOrientations_iPad = "UIInterfaceOrientationPortrait UIInterfaceOrientationPortraitUpsideDown UIInterfaceOrientationLandscapeLeft UIInterfaceOrientationLandscapeRight";
				INFOPLIST_KEY_UISupportedInterfaceOrientations_iPhone = "UIInterfaceOrientationPortrait UIInterfaceOrientationLandscapeLeft UIInterfaceOrientationLandscapeRight";
				LD_RUNPATH_SEARCH_PATHS = (
					"$(inherited)",
					"@executable_path/Frameworks",
				);
				MARKETING_VERSION = 1.0;
				PRODUCT_BUNDLE_IDENTIFIER = Elson;
				PRODUCT_NAME = "$(TARGET_NAME)";
				PROVISIONING_PROFILE_SPECIFIER = "";
				SWIFT_EMIT_LOC_STRINGS = YES;
				SWIFT_VERSION = 5.0;
				TARGETED_DEVICE_FAMILY = "1,2";
			};
			name = Debug;
		};
		86F3B9B52A044184009930C8 /* Release */ = {
			isa = XCBuildConfiguration;
			buildSettings = {
				ASSETCATALOG_COMPILER_APPICON_NAME = AppIcon;
				ASSETCATALOG_COMPILER_GLOBAL_ACCENT_COLOR_NAME = AccentColor;
				ASSETCATALOG_COMPILER_INCLUDE_ALL_APPICON_ASSETS = YES;
				CODE_SIGN_IDENTITY = "Apple Development";
				CODE_SIGN_STYLE = Automatic;
				CURRENT_PROJECT_VERSION = 1;
				DEVELOPMENT_ASSET_PATHS = "\"SeniorProject/Preview Content\"";
				DEVELOPMENT_TEAM = 27RKHNWK5D;
				ENABLE_PREVIEWS = YES;
				GENERATE_INFOPLIST_FILE = YES;
				INFOPLIST_KEY_CFBundleDisplayName = "Fame Finder";
				INFOPLIST_KEY_UIApplicationSceneManifest_Generation = YES;
				INFOPLIST_KEY_UIApplicationSupportsIndirectInputEvents = YES;
				INFOPLIST_KEY_UILaunchScreen_Generation = YES;
				INFOPLIST_KEY_UILaunchStoryboardName = "Launch Screen.storyboard";
				INFOPLIST_KEY_UIStatusBarStyle = "";
				INFOPLIST_KEY_UISupportedInterfaceOrientations_iPad = "UIInterfaceOrientationPortrait UIInterfaceOrientationPortraitUpsideDown UIInterfaceOrientationLandscapeLeft UIInterfaceOrientationLandscapeRight";
				INFOPLIST_KEY_UISupportedInterfaceOrientations_iPhone = "UIInterfaceOrientationPortrait UIInterfaceOrientationLandscapeLeft UIInterfaceOrientationLandscapeRight";
				LD_RUNPATH_SEARCH_PATHS = (
					"$(inherited)",
					"@executable_path/Frameworks",
				);
				MARKETING_VERSION = 1.0;
				PRODUCT_BUNDLE_IDENTIFIER = Elson;
				PRODUCT_NAME = "$(TARGET_NAME)";
				PROVISIONING_PROFILE_SPECIFIER = "";
				SWIFT_EMIT_LOC_STRINGS = YES;
				SWIFT_VERSION = 5.0;
				TARGETED_DEVICE_FAMILY = "1,2";
			};
			name = Release;
		};
		86F3B9B72A044184009930C8 /* Debug */ = {
			isa = XCBuildConfiguration;
			buildSettings = {
				ALWAYS_EMBED_SWIFT_STANDARD_LIBRARIES = YES;
				BUNDLE_LOADER = "$(TEST_HOST)";
				CODE_SIGN_STYLE = Automatic;
				CURRENT_PROJECT_VERSION = 1;
				GENERATE_INFOPLIST_FILE = YES;
				IPHONEOS_DEPLOYMENT_TARGET = 16.2;
				MARKETING_VERSION = 1.0;
				PRODUCT_BUNDLE_IDENTIFIER = SeniorProject.SeniorProjectTests;
				PRODUCT_NAME = "$(TARGET_NAME)";
				SWIFT_EMIT_LOC_STRINGS = NO;
				SWIFT_VERSION = 5.0;
				TARGETED_DEVICE_FAMILY = "1,2";
				TEST_HOST = "$(BUILT_PRODUCTS_DIR)/SeniorProject.app/$(BUNDLE_EXECUTABLE_FOLDER_PATH)/SeniorProject";
			};
			name = Debug;
		};
		86F3B9B82A044184009930C8 /* Release */ = {
			isa = XCBuildConfiguration;
			buildSettings = {
				ALWAYS_EMBED_SWIFT_STANDARD_LIBRARIES = YES;
				BUNDLE_LOADER = "$(TEST_HOST)";
				CODE_SIGN_STYLE = Automatic;
				CURRENT_PROJECT_VERSION = 1;
				GENERATE_INFOPLIST_FILE = YES;
				IPHONEOS_DEPLOYMENT_TARGET = 16.2;
				MARKETING_VERSION = 1.0;
				PRODUCT_BUNDLE_IDENTIFIER = SeniorProject.SeniorProjectTests;
				PRODUCT_NAME = "$(TARGET_NAME)";
				SWIFT_EMIT_LOC_STRINGS = NO;
				SWIFT_VERSION = 5.0;
				TARGETED_DEVICE_FAMILY = "1,2";
				TEST_HOST = "$(BUILT_PRODUCTS_DIR)/SeniorProject.app/$(BUNDLE_EXECUTABLE_FOLDER_PATH)/SeniorProject";
			};
			name = Release;
		};
		86F3B9BA2A044184009930C8 /* Debug */ = {
			isa = XCBuildConfiguration;
			buildSettings = {
				ALWAYS_EMBED_SWIFT_STANDARD_LIBRARIES = YES;
				CODE_SIGN_STYLE = Automatic;
				CURRENT_PROJECT_VERSION = 1;
				GENERATE_INFOPLIST_FILE = YES;
				MARKETING_VERSION = 1.0;
				PRODUCT_BUNDLE_IDENTIFIER = SeniorProject.SeniorProjectUITests;
				PRODUCT_NAME = "$(TARGET_NAME)";
				SWIFT_EMIT_LOC_STRINGS = NO;
				SWIFT_VERSION = 5.0;
				TARGETED_DEVICE_FAMILY = "1,2";
				TEST_TARGET_NAME = SeniorProject;
			};
			name = Debug;
		};
		86F3B9BB2A044184009930C8 /* Release */ = {
			isa = XCBuildConfiguration;
			buildSettings = {
				ALWAYS_EMBED_SWIFT_STANDARD_LIBRARIES = YES;
				CODE_SIGN_STYLE = Automatic;
				CURRENT_PROJECT_VERSION = 1;
				GENERATE_INFOPLIST_FILE = YES;
				MARKETING_VERSION = 1.0;
				PRODUCT_BUNDLE_IDENTIFIER = SeniorProject.SeniorProjectUITests;
				PRODUCT_NAME = "$(TARGET_NAME)";
				SWIFT_EMIT_LOC_STRINGS = NO;
				SWIFT_VERSION = 5.0;
				TARGETED_DEVICE_FAMILY = "1,2";
				TEST_TARGET_NAME = SeniorProject;
			};
			name = Release;
		};
/* End XCBuildConfiguration section */

/* Begin XCConfigurationList section */
		86F3B98A2A044181009930C8 /* Build configuration list for PBXProject "SeniorProject" */ = {
			isa = XCConfigurationList;
			buildConfigurations = (
				86F3B9B12A044184009930C8 /* Debug */,
				86F3B9B22A044184009930C8 /* Release */,
			);
			defaultConfigurationIsVisible = 0;
			defaultConfigurationName = Release;
		};
		86F3B9B32A044184009930C8 /* Build configuration list for PBXNativeTarget "SeniorProject" */ = {
			isa = XCConfigurationList;
			buildConfigurations = (
				86F3B9B42A044184009930C8 /* Debug */,
				86F3B9B52A044184009930C8 /* Release */,
			);
			defaultConfigurationIsVisible = 0;
			defaultConfigurationName = Release;
		};
		86F3B9B62A044184009930C8 /* Build configuration list for PBXNativeTarget "SeniorProjectTests" */ = {
			isa = XCConfigurationList;
			buildConfigurations = (
				86F3B9B72A044184009930C8 /* Debug */,
				86F3B9B82A044184009930C8 /* Release */,
			);
			defaultConfigurationIsVisible = 0;
			defaultConfigurationName = Release;
		};
		86F3B9B92A044184009930C8 /* Build configuration list for PBXNativeTarget "SeniorProjectUITests" */ = {
			isa = XCConfigurationList;
			buildConfigurations = (
				86F3B9BA2A044184009930C8 /* Debug */,
				86F3B9BB2A044184009930C8 /* Release */,
			);
			defaultConfigurationIsVisible = 0;
			defaultConfigurationName = Release;
		};
/* End XCConfigurationList section */
	};
	rootObject = 86F3B9872A044181009930C8 /* Project object */;
}
